{
  "name": "open-source-guide",
  "lockfileVersion": 3,
  "requires": true,
  "packages": {
    "": {
      "name": "open-source-guide",
      "hasInstallScript": true,
      "dependencies": {
        "primer-core": "7.0.0",
        "primer-marketing": "7.0.0"
      }
    },
    "node_modules/primer-base": {
      "version": "2.0.0",
      "resolved": "https://registry.npmjs.org/primer-base/-/primer-base-2.0.0.tgz",
      "integrity": "sha512-qqE3MiI1Zr7HgTO7NxguYHw4QrkRGOQjMPck1bFEZhNL36ey5PWJwqB68X7w6frOjA8tRid2joL99GBQhc1NnQ==",
      "dependencies": {
        "primer-support": "5.0.0"
      }
    },
    "node_modules/primer-base/node_modules/primer-support": {
      "version": "5.0.0",
      "resolved": "https://registry.npmjs.org/primer-support/-/primer-support-5.0.0.tgz",
      "integrity": "sha512-inUxVSsGirn5IkPxBhFsMBgm8ZHyfOUmOWyDCN8cBXtbaLiCIAjHsPI46yS1zrWxnn0J2kvq8haomkrlHGF08g=="
    },
    "node_modules/primer-box": {
      "version": "3.0.0",
      "resolved": "https://registry.npmjs.org/primer-box/-/primer-box-3.0.0.tgz",
      "integrity": "sha512-P6gUxgcC5Se2nPx4erHmj6JhqgBMxJDeJyuz5OS+SArWR0cydxi86Cf7mH4eNC+PebJQ91K+ddcxkU6w3vOEqw==",
      "dependencies": {
        "primer-support": "5.0.0"
      }
    },
    "node_modules/primer-box/node_modules/primer-support": {
      "version": "5.0.0",
      "resolved": "https://registry.npmjs.org/primer-support/-/primer-support-5.0.0.tgz",
      "integrity": "sha512-inUxVSsGirn5IkPxBhFsMBgm8ZHyfOUmOWyDCN8cBXtbaLiCIAjHsPI46yS1zrWxnn0J2kvq8haomkrlHGF08g=="
    },
    "node_modules/primer-breadcrumb": {
      "version": "2.0.0",
      "resolved": "https://registry.npmjs.org/primer-breadcrumb/-/primer-breadcrumb-2.0.0.tgz",
      "integrity": "sha512-IhIQZ8HXZNnMh53qzl7JKDrUEAH4jPiqQ4WfxNrFwSoYUrQ7eGN3SJ9LD9oIjtmmO9DUUJhvmR0Cbr9OM1VB8w==",
      "dependencies": {
        "primer-support": "5.0.0"
      }
    },
    "node_modules/primer-breadcrumb/node_modules/primer-support": {
      "version": "5.0.0",
      "resolved": "https://registry.npmjs.org/primer-support/-/primer-support-5.0.0.tgz",
      "integrity": "sha512-inUxVSsGirn5IkPxBhFsMBgm8ZHyfOUmOWyDCN8cBXtbaLiCIAjHsPI46yS1zrWxnn0J2kvq8haomkrlHGF08g=="
    },
    "node_modules/primer-buttons": {
      "version": "3.0.0",
      "resolved": "https://registry.npmjs.org/primer-buttons/-/primer-buttons-3.0.0.tgz",
      "integrity": "sha512-oQX3FOCRrnSrhPFef5AvLkBV9og7W/U0GYPvu1FbXV+CDVauO8pC5hntQqvwa9w/VCptsJl2qpYSIFCQiH+f1g==",
      "dependencies": {
        "primer-support": "5.0.0"
      }
    },
    "node_modules/primer-buttons/node_modules/primer-support": {
      "version": "5.0.0",
      "resolved": "https://registry.npmjs.org/primer-support/-/primer-support-5.0.0.tgz",
      "integrity": "sha512-inUxVSsGirn5IkPxBhFsMBgm8ZHyfOUmOWyDCN8cBXtbaLiCIAjHsPI46yS1zrWxnn0J2kvq8haomkrlHGF08g=="
    },
    "node_modules/primer-core": {
      "version": "7.0.0",
      "resolved": "https://registry.npmjs.org/primer-core/-/primer-core-7.0.0.tgz",
      "integrity": "sha512-m7E5IddQpzV2Jtrlk9s513zmM7ZMtZUBDJ9Bckrz+67tPSvY74jqwfvwvkty/hLhQFPlM8p+c0fmmRTcO+vVIA==",
      "dependencies": {
        "primer-base": "2.0.0",
        "primer-box": "3.0.0",
        "primer-breadcrumb": "2.0.0",
        "primer-buttons": "3.0.0",
        "primer-forms": "3.0.0",
        "primer-layout": "2.0.0",
        "primer-navigation": "2.0.0",
        "primer-pagination": "2.0.0",
        "primer-support": "5.0.0",
        "primer-table-object": "2.0.0",
        
